
Microsoft Visual Studio Solution File, Format Version 12.00
# Visual Studio Version 17
VisualStudioVersion = 17.5.33627.172
MinimumVisualStudioVersion = 10.0.40219.1
Project("{9A19103F-16F7-4668-BE54-9A1E7A4F7556}") = "UseCase1", "UseCase1\UseCase1.csproj", "{02968B0D-D93B-4045-8849-FEBF2896405D}"
EndProject
Project("{FAE04EC0-301F-11D3-BF4B-00C04F79EFBC}") = "UseCase1.Test", "UseCase1.Test\UseCase1.Test.csproj", "{EE2BA6D6-4BAA-49DD-B276-4F200E648D3D}"
EndProject
Global
	GlobalSection(SolutionConfigurationPlatforms) = preSolution
		Debug|Any CPU = Debug|Any CPU
		Release|Any CPU = Release|Any CPU
	EndGlobalSection
	GlobalSection(ProjectConfigurationPlatforms) = postSolution
		{02968B0D-D93B-4045-8849-FEBF2896405D}.Debug|Any CPU.ActiveCfg = Debug|Any CPU
		{02968B0D-D93B-4045-8849-FEBF2896405D}.Debug|Any CPU.Build.0 = Debug|Any CPU
		{02968B0D-D93B-4045-8849-FEBF2896405D}.Release|Any CPU.ActiveCfg = Release|Any CPU
		{02968B0D-D93B-4045-8849-FEBF2896405D}.Release|Any CPU.Build.0 = Release|Any CPU
		{EE2BA6D6-4BAA-49DD-B276-4F200E648D3D}.Debug|Any CPU.ActiveCfg = Debug|Any CPU
		{EE2BA6D6-4BAA-49DD-B276-4F200E648D3D}.Debug|Any CPU.Build.0 = Debug|Any CPU
		{EE2BA6D6-4BAA-49DD-B276-4F200E648D3D}.Release|Any CPU.ActiveCfg = Release|Any CPU
		{EE2BA6D6-4BAA-49DD-B276-4F200E648D3D}.Release|Any CPU.Build.0 = Release|Any CPU
	EndGlobalSection
	GlobalSection(SolutionProperties) = preSolution
		HideSolutionNode = FALSE
	EndGlobalSection
	GlobalSection(ExtensibilityGlobals) = postSolution
		SolutionGuid = {63B72FB8-791E-4F97-80FB-5480D1B6A9AF}
	EndGlobalSection
EndGlobal
